
Microsoft Visual Studio Solution File, Format Version 12.00
# Visual Studio Version 16
VisualStudioVersion = 16.0.30611.23
MinimumVisualStudioVersion = 10.0.40219.1
Project("{FAE04EC0-301F-11D3-BF4B-00C04F79EFBC}") = "StudentDiary", "StudentDiary.csproj", "{6DE94EFC-C40B-4961-984A-8921BE7A9453}"
EndProject
Global
	GlobalSection(SolutionConfigurationPlatforms) = preSolution
		Debug|Any CPU = Debug|Any CPU
		Release|Any CPU = Release|Any CPU
	EndGlobalSection
	GlobalSection(ProjectConfigurationPlatforms) = postSolution
		{6DE94EFC-C40B-4961-984A-8921BE7A9453}.Debug|Any CPU.ActiveCfg = Debug|Any CPU
		{6DE94EFC-C40B-4961-984A-8921BE7A9453}.Debug|Any CPU.Build.0 = Debug|Any CPU
		{6DE94EFC-C40B-4961-984A-8921BE7A9453}.Release|Any CPU.ActiveCfg = Release|Any CPU
		{6DE94EFC-C40B-4961-984A-8921BE7A9453}.Release|Any CPU.Build.0 = Release|Any CPU
	EndGlobalSection
	GlobalSection(SolutionProperties) = preSolution
		HideSolutionNode = FALSE
	EndGlobalSection
	GlobalSection(ExtensibilityGlobals) = postSolution
		SolutionGuid = {29AA8886-126B-4FEE-81F4-D0E6AE73C805}
	EndGlobalSection
EndGlobal
